
Microsoft Visual Studio Solution File, Format Version 12.00
# Visual Studio Version 16
VisualStudioVersion = 16.0.31129.286
MinimumVisualStudioVersion = 10.0.40219.1
Project("{FAE04EC0-301F-11D3-BF4B-00C04F79EFBC}") = "StripeProto", "StripeProto\StripeProto.csproj", "{72837616-E0E5-4F00-86F0-FFF195091153}"
EndProject
Global
	GlobalSection(SolutionConfigurationPlatforms) = preSolution
		Debug|Any CPU = Debug|Any CPU
		Release|Any CPU = Release|Any CPU
	EndGlobalSection
	GlobalSection(ProjectConfigurationPlatforms) = postSolution
		{72837616-E0E5-4F00-86F0-FFF195091153}.Debug|Any CPU.ActiveCfg = Debug|Any CPU
		{72837616-E0E5-4F00-86F0-FFF195091153}.Debug|Any CPU.Build.0 = Debug|Any CPU
		{72837616-E0E5-4F00-86F0-FFF195091153}.Release|Any CPU.ActiveCfg = Release|Any CPU
		{72837616-E0E5-4F00-86F0-FFF195091153}.Release|Any CPU.Build.0 = Release|Any CPU
	EndGlobalSection
	GlobalSection(SolutionProperties) = preSolution
		HideSolutionNode = FALSE
	EndGlobalSection
	GlobalSection(ExtensibilityGlobals) = postSolution
		SolutionGuid = {3097CC66-0F07-4CAC-98FB-E6B2BAFFE057}
	EndGlobalSection
EndGlobal
