
Microsoft Visual Studio Solution File, Format Version 12.00
# Visual Studio Version 16
VisualStudioVersion = 16.0.30711.63
MinimumVisualStudioVersion = 10.0.40219.1
Project("{9A19103F-16F7-4668-BE54-9A1E7A4F7556}") = "WikiTechAPI", "WikiTechAPI\WikiTechAPI.csproj", "{3A486A58-7EE3-4770-B855-EE126329FD57}"
EndProject
Project("{FAE04EC0-301F-11D3-BF4B-00C04F79EFBC}") = "WikiTechWebApp", "WikiTechWebApp\WikiTechWebApp.csproj", "{5643AA37-91D9-4CF3-A96B-87790AC259CF}"
EndProject
Global
	GlobalSection(SolutionConfigurationPlatforms) = preSolution
		Debug|Any CPU = Debug|Any CPU
		Release|Any CPU = Release|Any CPU
	EndGlobalSection
	GlobalSection(ProjectConfigurationPlatforms) = postSolution
		{3A486A58-7EE3-4770-B855-EE126329FD57}.Debug|Any CPU.ActiveCfg = Debug|Any CPU
		{3A486A58-7EE3-4770-B855-EE126329FD57}.Debug|Any CPU.Build.0 = Debug|Any CPU
		{3A486A58-7EE3-4770-B855-EE126329FD57}.Release|Any CPU.ActiveCfg = Release|Any CPU
		{3A486A58-7EE3-4770-B855-EE126329FD57}.Release|Any CPU.Build.0 = Release|Any CPU
		{5643AA37-91D9-4CF3-A96B-87790AC259CF}.Debug|Any CPU.ActiveCfg = Debug|Any CPU
		{5643AA37-91D9-4CF3-A96B-87790AC259CF}.Debug|Any CPU.Build.0 = Debug|Any CPU
		{5643AA37-91D9-4CF3-A96B-87790AC259CF}.Release|Any CPU.ActiveCfg = Release|Any CPU
		{5643AA37-91D9-4CF3-A96B-87790AC259CF}.Release|Any CPU.Build.0 = Release|Any CPU
	EndGlobalSection
	GlobalSection(SolutionProperties) = preSolution
		HideSolutionNode = FALSE
	EndGlobalSection
	GlobalSection(ExtensibilityGlobals) = postSolution
		SolutionGuid = {7E9DF147-5588-4FA6-92D4-073DA9153854}
	EndGlobalSection
EndGlobal
